
Microsoft Visual Studio Solution File, Format Version 12.00
# Visual Studio Version 17
VisualStudioVersion = 17.14.36518.9 d17.14
MinimumVisualStudioVersion = 10.0.40219.1
Project("{FAE04EC0-301F-11D3-BF4B-00C04F79EFBC}") = "01HelloWorld", "01HelloWorld\01HelloWorld.csproj", "{302F60D1-59B1-422B-9DC8-A8B071FCADA0}"
EndProject
Global
	GlobalSection(SolutionConfigurationPlatforms) = preSolution
		Debug|Any CPU = Debug|Any CPU
		Release|Any CPU = Release|Any CPU
	EndGlobalSection
	GlobalSection(ProjectConfigurationPlatforms) = postSolution
		{302F60D1-59B1-422B-9DC8-A8B071FCADA0}.Debug|Any CPU.ActiveCfg = Debug|Any CPU
		{302F60D1-59B1-422B-9DC8-A8B071FCADA0}.Debug|Any CPU.Build.0 = Debug|Any CPU
		{302F60D1-59B1-422B-9DC8-A8B071FCADA0}.Release|Any CPU.ActiveCfg = Release|Any CPU
		{302F60D1-59B1-422B-9DC8-A8B071FCADA0}.Release|Any CPU.Build.0 = Release|Any CPU
	EndGlobalSection
	GlobalSection(SolutionProperties) = preSolution
		HideSolutionNode = FALSE
	EndGlobalSection
	GlobalSection(ExtensibilityGlobals) = postSolution
		SolutionGuid = {6F05FBDE-D0AA-4899-A8BF-530AEB8853C4}
	EndGlobalSection
EndGlobal
